
Microsoft Visual Studio Solution File, Format Version 12.00
# Visual Studio 15
VisualStudioVersion = 15.0.27004.2005
MinimumVisualStudioVersion = 10.0.40219.1
Project("{FAE04EC0-301F-11D3-BF4B-00C04F79EFBC}") = "MSTestExtractFailedTestNames", "MSTestExtractFailedTestNames\MSTestExtractFailedTestNames.csproj", "{49BA5625-C1BD-4EA8-BEF4-F85A7BB2F5CF}"
EndProject
Global
	GlobalSection(SolutionConfigurationPlatforms) = preSolution
		Debug|Any CPU = Debug|Any CPU
		Release|Any CPU = Release|Any CPU
	EndGlobalSection
	GlobalSection(ProjectConfigurationPlatforms) = postSolution
		{49BA5625-C1BD-4EA8-BEF4-F85A7BB2F5CF}.Debug|Any CPU.ActiveCfg = Debug|Any CPU
		{49BA5625-C1BD-4EA8-BEF4-F85A7BB2F5CF}.Debug|Any CPU.Build.0 = Debug|Any CPU
		{49BA5625-C1BD-4EA8-BEF4-F85A7BB2F5CF}.Release|Any CPU.ActiveCfg = Release|Any CPU
		{49BA5625-C1BD-4EA8-BEF4-F85A7BB2F5CF}.Release|Any CPU.Build.0 = Release|Any CPU
	EndGlobalSection
	GlobalSection(SolutionProperties) = preSolution
		HideSolutionNode = FALSE
	EndGlobalSection
	GlobalSection(ExtensibilityGlobals) = postSolution
		SolutionGuid = {710B6F38-2395-47AD-9069-319164FEFFF7}
	EndGlobalSection
EndGlobal
